// !$*UTF8*$!
{
	archiveVersion = 1;
	classes = {
	};
	objectVersion = 46;
	objects = {

/* Begin PBXBuildFile section */
		55FDCFF818152A1800F7A41D /* UIKit.framework in Frameworks */ = {isa = PBXBuildFile; fileRef = 55FDCFF718152A1800F7A41D /* UIKit.framework */; };
		55FDCFFA18152A1900F7A41D /* Foundation.framework in Frameworks */ = {isa = PBXBuildFile; fileRef = 55FDCFF918152A1800F7A41D /* Foundation.framework */; };
		55FDCFFC18152A1900F7A41D /* CoreGraphics.framework in Frameworks */ = {isa = PBXBuildFile; fileRef = 55FDCFFB18152A1900F7A41D /* CoreGraphics.framework */; };
		55FDCFFE18152A1900F7A41D /* GLKit.framework in Frameworks */ = {isa = PBXBuildFile; fileRef = 55FDCFFD18152A1900F7A41D /* GLKit.framework */; };
		55FDD00018152A1900F7A41D /* OpenGLES.framework in Frameworks */ = {isa = PBXBuildFile; fileRef = 55FDCFFF18152A1900F7A41D /* OpenGLES.framework */; };
		55FDD00618152A1900F7A41D /* InfoPlist.strings in Resources */ = {isa = PBXBuildFile; fileRef = 55FDD00418152A1900F7A41D /* InfoPlist.strings */; };
		55FDD00818152A1900F7A41D /* main.m in Sources */ = {isa = PBXBuildFile; fileRef = 55FDD00718152A1900F7A41D /* main.m */; };
		55FDD00C18152A1900F7A41D /* AppDelegate.m in Sources */ = {isa = PBXBuildFile; fileRef = 55FDD00B18152A1900F7A41D /* AppDelegate.m */; };
		55FDD00E18152A1900F7A41D /* Default.png in Resources */ = {isa = PBXBuildFile; fileRef = 55FDD00D18152A1900F7A41D /* Default.png */; };
		55FDD01018152A1900F7A41D /* Default@2x.png in Resources */ = {isa = PBXBuildFile; fileRef = 55FDD00F18152A1900F7A41D /* Default@2x.png */; };
		55FDD01218152A1900F7A41D /* Default-568h@2x.png in Resources */ = {isa = PBXBuildFile; fileRef = 55FDD01118152A1900F7A41D /* Default-568h@2x.png */; };
		55FDD01518152A1900F7A41D /* MainStoryboard.storyboard in Resources */ = {isa = PBXBuildFile; fileRef = 55FDD01318152A1900F7A41D /* MainStoryboard.storyboard */; };
		55FDD01718152A1900F7A41D /* Shader.fsh in Resources */ = {isa = PBXBuildFile; fileRef = 55FDD01618152A1900F7A41D /* Shader.fsh */; };
		55FDD01918152A1900F7A41D /* Shader.vsh in Resources */ = {isa = PBXBuildFile; fileRef = 55FDD01818152A1900F7A41D /* Shader.vsh */; };
		55FDD01C18152A1900F7A41D /* ViewController.m in Sources */ = {isa = PBXBuildFile; fileRef = 55FDD01B18152A1900F7A41D /* ViewController.m */; };
		55FDD02418152A1900F7A41D /* SenTestingKit.framework in Frameworks */ = {isa = PBXBuildFile; fileRef = 55FDD02318152A1900F7A41D /* SenTestingKit.framework */; };
		55FDD02518152A1900F7A41D /* UIKit.framework in Frameworks */ = {isa = PBXBuildFile; fileRef = 55FDCFF718152A1800F7A41D /* UIKit.framework */; };
		55FDD02618152A1900F7A41D /* Foundation.framework in Frameworks */ = {isa = PBXBuildFile; fileRef = 55FDCFF918152A1800F7A41D /* Foundation.framework */; };
		55FDD02E18152A1900F7A41D /* InfoPlist.strings in Resources */ = {isa = PBXBuildFile; fileRef = 55FDD02C18152A1900F7A41D /* InfoPlist.strings */; };
		55FDD03118152A1900F7A41D /* project_versionTests.m in Sources */ = {isa = PBXBuildFile; fileRef = 55FDD03018152A1900F7A41D /* project_versionTests.m */; };
/* End PBXBuildFile section */

/* Begin PBXContainerItemProxy section */
		55FDD02718152A1900F7A41D /* PBXContainerItemProxy */ = {
			isa = PBXContainerItemProxy;
			containerPortal = 55FDCFEA18152A1800F7A41D /* Project object */;
			proxyType = 1;
			remoteGlobalIDString = 55FDCFF218152A1800F7A41D;
			remoteInfo = project_version;
		};
/* End PBXContainerItemProxy section */

/* Begin PBXFileReference section */
		55FDCFF318152A1800F7A41D /* project_version.app */ = {isa = PBXFileReference; explicitFileType = wrapper.application; includeInIndex = 0; path = project_version.app; sourceTree = BUILT_PRODUCTS_DIR; };
		55FDCFF718152A1800F7A41D /* UIKit.framework */ = {isa = PBXFileReference; lastKnownFileType = wrapper.framework; name = UIKit.framework; path = System/Library/Frameworks/UIKit.framework; sourceTree = SDKROOT; };
		55FDCFF918152A1800F7A41D /* Foundation.framework */ = {isa = PBXFileReference; lastKnownFileType = wrapper.framework; name = Foundation.framework; path = System/Library/Frameworks/Foundation.framework; sourceTree = SDKROOT; };
		55FDCFFB18152A1900F7A41D /* CoreGraphics.framework */ = {isa = PBXFileReference; lastKnownFileType = wrapper.framework; name = CoreGraphics.framework; path = System/Library/Frameworks/CoreGraphics.framework; sourceTree = SDKROOT; };
		55FDCFFD18152A1900F7A41D /* GLKit.framework */ = {isa = PBXFileReference; lastKnownFileType = wrapper.framework; name = GLKit.framework; path = System/Library/Frameworks/GLKit.framework; sourceTree = SDKROOT; };
		55FDCFFF18152A1900F7A41D /* OpenGLES.framework */ = {isa = PBXFileReference; lastKnownFileType = wrapper.framework; name = OpenGLES.framework; path = System/Library/Frameworks/OpenGLES.framework; sourceTree = SDKROOT; };
		55FDD00318152A1900F7A41D /* project_version-Info.plist */ = {isa = PBXFileReference; lastKnownFileType = text.plist.xml; path = "project_version-Info.plist"; sourceTree = "<group>"; };
		55FDD00518152A1900F7A41D /* en */ = {isa = PBXFileReference; lastKnownFileType = text.plist.strings; name = en; path = en.lproj/InfoPlist.strings; sourceTree = "<group>"; };
		55FDD00718152A1900F7A41D /* main.m */ = {isa = PBXFileReference; lastKnownFileType = sourcecode.c.objc; path = main.m; sourceTree = "<group>"; };
		55FDD00918152A1900F7A41D /* project_version-Prefix.pch */ = {isa = PBXFileReference; lastKnownFileType = sourcecode.c.h; path = "project_version-Prefix.pch"; sourceTree = "<group>"; };
		55FDD00A18152A1900F7A41D /* AppDelegate.h */ = {isa = PBXFileReference; lastKnownFileType = sourcecode.c.h; path = AppDelegate.h; sourceTree = "<group>"; };
		55FDD00B18152A1900F7A41D /* AppDelegate.m */ = {isa = PBXFileReference; lastKnownFileType = sourcecode.c.objc; path = AppDelegate.m; sourceTree = "<group>"; };
		55FDD00D18152A1900F7A41D /* Default.png */ = {isa = PBXFileReference; lastKnownFileType = image.png; path = Default.png; sourceTree = "<group>"; };
		55FDD00F18152A1900F7A41D /* Default@2x.png */ = {isa = PBXFileReference; lastKnownFileType = image.png; path = "Default@2x.png"; sourceTree = "<group>"; };
		55FDD01118152A1900F7A41D /* Default-568h@2x.png */ = {isa = PBXFileReference; lastKnownFileType = image.png; path = "Default-568h@2x.png"; sourceTree = "<group>"; };
		55FDD01418152A1900F7A41D /* en */ = {isa = PBXFileReference; lastKnownFileType = file.storyboard; name = en; path = en.lproj/MainStoryboard.storyboard; sourceTree = "<group>"; };
		55FDD01618152A1900F7A41D /* Shader.fsh */ = {isa = PBXFileReference; lastKnownFileType = sourcecode.glsl; name = Shader.fsh; path = Shaders/Shader.fsh; sourceTree = "<group>"; };
		55FDD01818152A1900F7A41D /* Shader.vsh */ = {isa = PBXFileReference; lastKnownFileType = sourcecode.glsl; name = Shader.vsh; path = Shaders/Shader.vsh; sourceTree = "<group>"; };
		55FDD01A18152A1900F7A41D /* ViewController.h */ = {isa = PBXFileReference; lastKnownFileType = sourcecode.c.h; path = ViewController.h; sourceTree = "<group>"; };
		55FDD01B18152A1900F7A41D /* ViewController.m */ = {isa = PBXFileReference; lastKnownFileType = sourcecode.c.objc; path = ViewController.m; sourceTree = "<group>"; };
		55FDD02218152A1900F7A41D /* project_versionTests.octest */ = {isa = PBXFileReference; explicitFileType = wrapper.cfbundle; includeInIndex = 0; path = project_versionTests.octest; sourceTree = BUILT_PRODUCTS_DIR; };
		55FDD02318152A1900F7A41D /* SenTestingKit.framework */ = {isa = PBXFileReference; lastKnownFileType = wrapper.framework; name = SenTestingKit.framework; path = Library/Frameworks/SenTestingKit.framework; sourceTree = DEVELOPER_DIR; };
		55FDD02B18152A1900F7A41D /* project_versionTests-Info.plist */ = {isa = PBXFileReference; lastKnownFileType = text.plist.xml; path = "project_versionTests-Info.plist"; sourceTree = "<group>"; };
		55FDD02D18152A1900F7A41D /* en */ = {isa = PBXFileReference; lastKnownFileType = text.plist.strings; name = en; path = en.lproj/InfoPlist.strings; sourceTree = "<group>"; };
		55FDD02F18152A1900F7A41D /* project_versionTests.h */ = {isa = PBXFileReference; lastKnownFileType = sourcecode.c.h; path = project_versionTests.h; sourceTree = "<group>"; };
		55FDD03018152A1900F7A41D /* project_versionTests.m */ = {isa = PBXFileReference; lastKnownFileType = sourcecode.c.objc; path = project_versionTests.m; sourceTree = "<group>"; };
/* End PBXFileReference section */

/* Begin PBXFrameworksBuildPhase section */
		55FDCFF018152A1800F7A41D /* Frameworks */ = {
			isa = PBXFrameworksBuildPhase;
			buildActionMask = 2147483647;
			files = (
				55FDCFF818152A1800F7A41D /* UIKit.framework in Frameworks */,
				55FDCFFA18152A1900F7A41D /* Foundation.framework in Frameworks */,
				55FDCFFC18152A1900F7A41D /* CoreGraphics.framework in Frameworks */,
				55FDCFFE18152A1900F7A41D /* GLKit.framework in Frameworks */,
				55FDD00018152A1900F7A41D /* OpenGLES.framework in Frameworks */,
			);
			runOnlyForDeploymentPostprocessing = 0;
		};
		55FDD01E18152A1900F7A41D /* Frameworks */ = {
			isa = PBXFrameworksBuildPhase;
			buildActionMask = 2147483647;
			files = (
				55FDD02418152A1900F7A41D /* SenTestingKit.framework in Frameworks */,
				55FDD02518152A1900F7A41D /* UIKit.framework in Frameworks */,
				55FDD02618152A1900F7A41D /* Foundation.framework in Frameworks */,
			);
			runOnlyForDeploymentPostprocessing = 0;
		};
/* End PBXFrameworksBuildPhase section */

/* Begin PBXGroup section */
		55FDCFE818152A1800F7A41D = {
			isa = PBXGroup;
			children = (
				55FDD00118152A1900F7A41D /* project_version */,
				55FDD02918152A1900F7A41D /* project_versionTests */,
				55FDCFF618152A1800F7A41D /* Frameworks */,
				55FDCFF418152A1800F7A41D /* Products */,
			);
			sourceTree = "<group>";
		};
		55FDCFF418152A1800F7A41D /* Products */ = {
			isa = PBXGroup;
			children = (
				55FDCFF318152A1800F7A41D /* project_version.app */,
				55FDD02218152A1900F7A41D /* project_versionTests.octest */,
			);
			name = Products;
			sourceTree = "<group>";
		};
		55FDCFF618152A1800F7A41D /* Frameworks */ = {
			isa = PBXGroup;
			children = (
				55FDCFF718152A1800F7A41D /* UIKit.framework */,
				55FDCFF918152A1800F7A41D /* Foundation.framework */,
				55FDCFFB18152A1900F7A41D /* CoreGraphics.framework */,
				55FDCFFD18152A1900F7A41D /* GLKit.framework */,
				55FDCFFF18152A1900F7A41D /* OpenGLES.framework */,
				55FDD02318152A1900F7A41D /* SenTestingKit.framework */,
			);
			name = Frameworks;
			sourceTree = "<group>";
		};
		55FDD00118152A1900F7A41D /* project_version */ = {
			isa = PBXGroup;
			children = (
				55FDD00A18152A1900F7A41D /* AppDelegate.h */,
				55FDD00B18152A1900F7A41D /* AppDelegate.m */,
				55FDD01318152A1900F7A41D /* MainStoryboard.storyboard */,
				55FDD01618152A1900F7A41D /* Shader.fsh */,
				55FDD01818152A1900F7A41D /* Shader.vsh */,
				55FDD01A18152A1900F7A41D /* ViewController.h */,
				55FDD01B18152A1900F7A41D /* ViewController.m */,
				55FDD00218152A1900F7A41D /* Supporting Files */,
			);
			path = project_version;
			sourceTree = "<group>";
		};
		55FDD00218152A1900F7A41D /* Supporting Files */ = {
			isa = PBXGroup;
			children = (
				55FDD00318152A1900F7A41D /* project_version-Info.plist */,
				55FDD00418152A1900F7A41D /* InfoPlist.strings */,
				55FDD00718152A1900F7A41D /* main.m */,
				55FDD00918152A1900F7A41D /* project_version-Prefix.pch */,
				55FDD00D18152A1900F7A41D /* Default.png */,
				55FDD00F18152A1900F7A41D /* Default@2x.png */,
				55FDD01118152A1900F7A41D /* Default-568h@2x.png */,
			);
			name = "Supporting Files";
			sourceTree = "<group>";
		};
		55FDD02918152A1900F7A41D /* project_versionTests */ = {
			isa = PBXGroup;
			children = (
				55FDD02F18152A1900F7A41D /* project_versionTests.h */,
				55FDD03018152A1900F7A41D /* project_versionTests.m */,
				55FDD02A18152A1900F7A41D /* Supporting Files */,
			);
			path = project_versionTests;
			sourceTree = "<group>";
		};
		55FDD02A18152A1900F7A41D /* Supporting Files */ = {
			isa = PBXGroup;
			children = (
				55FDD02B18152A1900F7A41D /* project_versionTests-Info.plist */,
				55FDD02C18152A1900F7A41D /* InfoPlist.strings */,
			);
			name = "Supporting Files";
			sourceTree = "<group>";
		};
/* End PBXGroup section */

/* Begin PBXNativeTarget section */
		55FDCFF218152A1800F7A41D /* project_version */ = {
			isa = PBXNativeTarget;
			buildConfigurationList = 55FDD03418152A1900F7A41D /* Build configuration list for PBXNativeTarget "project_version" */;
			buildPhases = (
				55FDCFEF18152A1800F7A41D /* Sources */,
				55FDCFF018152A1800F7A41D /* Frameworks */,
				55FDCFF118152A1800F7A41D /* Resources */,
			);
			buildRules = (
			);
			dependencies = (
			);
			name = project_version;
			productName = project_version;
			productReference = 55FDCFF318152A1800F7A41D /* project_version.app */;
			productType = "com.apple.product-type.application";
		};
		55FDD02118152A1900F7A41D /* project_versionTests */ = {
			isa = PBXNativeTarget;
			buildConfigurationList = 55FDD03718152A1900F7A41D /* Build configuration list for PBXNativeTarget "project_versionTests" */;
			buildPhases = (
				55FDD01D18152A1900F7A41D /* Sources */,
				55FDD01E18152A1900F7A41D /* Frameworks */,
				55FDD01F18152A1900F7A41D /* Resources */,
				55FDD02018152A1900F7A41D /* ShellScript */,
			);
			buildRules = (
			);
			dependencies = (
				55FDD02818152A1900F7A41D /* PBXTargetDependency */,
			);
			name = project_versionTests;
			productName = project_versionTests;
			productReference = 55FDD02218152A1900F7A41D /* project_versionTests.octest */;
			productType = "com.apple.product-type.bundle";
		};
/* End PBXNativeTarget section */

/* Begin PBXProject section */
		55FDCFEA18152A1800F7A41D /* Project object */ = {
			isa = PBXProject;
			attributes = {
				LastUpgradeCheck = 0450;
				ORGANIZATIONNAME = pengzhi;
			};
			buildConfigurationList = 55FDCFED18152A1800F7A41D /* Build configuration list for PBXProject "project_version" */;
			compatibilityVersion = "Xcode 3.2";
			developmentRegion = English;
			hasScannedForEncodings = 0;
			knownRegions = (
				en,
			);
			mainGroup = 55FDCFE818152A1800F7A41D;
			productRefGroup = 55FDCFF418152A1800F7A41D /* Products */;
			projectDirPath = "";
			projectRoot = "";
			targets = (
				55FDCFF218152A1800F7A41D /* project_version */,
				55FDD02118152A1900F7A41D /* project_versionTests */,
			);
		};
/* End PBXProject section */

/* Begin PBXResourcesBuildPhase section */
		55FDCFF118152A1800F7A41D /* Resources */ = {
			isa = PBXResourcesBuildPhase;
			buildActionMask = 2147483647;
			files = (
				55FDD00618152A1900F7A41D /* InfoPlist.strings in Resources */,
				55FDD00E18152A1900F7A41D /* Default.png in Resources */,
				55FDD01018152A1900F7A41D /* Default@2x.png in Resources */,
				55FDD01218152A1900F7A41D /* Default-568h@2x.png in Resources */,
				55FDD01518152A1900F7A41D /* MainStoryboard.storyboard in Resources */,
				55FDD01718152A1900F7A41D /* Shader.fsh in Resources */,
				55FDD01918152A1900F7A41D /* Shader.vsh in Resources */,
			);
			runOnlyForDeploymentPostprocessing = 0;
		};
		55FDD01F18152A1900F7A41D /* Resources */ = {
			isa = PBXResourcesBuildPhase;
			buildActionMask = 2147483647;
			files = (
				55FDD02E18152A1900F7A41D /* InfoPlist.strings in Resources */,
			);
			runOnlyForDeploymentPostprocessing = 0;
		};
/* End PBXResourcesBuildPhase section */

/* Begin PBXShellScriptBuildPhase section */
		55FDD02018152A1900F7A41D /* ShellScript */ = {
			isa = PBXShellScriptBuildPhase;
			buildActionMask = 2147483647;
			files = (
			);
			inputPaths = (
			);
			outputPaths = (
			);
			runOnlyForDeploymentPostprocessing = 0;
			shellPath = /bin/sh;
			shellScript = "# Run the unit tests in this test bundle.\n\"${SYSTEM_DEVELOPER_DIR}/Tools/RunUnitTests\"\n";
		};
/* End PBXShellScriptBuildPhase section */

/* Begin PBXSourcesBuildPhase section */
		55FDCFEF18152A1800F7A41D /* Sources */ = {
			isa = PBXSourcesBuildPhase;
			buildActionMask = 2147483647;
			files = (
				55FDD00818152A1900F7A41D /* main.m in Sources */,
				55FDD00C18152A1900F7A41D /* AppDelegate.m in Sources */,
				55FDD01C18152A1900F7A41D /* ViewController.m in Sources */,
			);
			runOnlyForDeploymentPostprocessing = 0;
		};
		55FDD01D18152A1900F7A41D /* Sources */ = {
			isa = PBXSourcesBuildPhase;
			buildActionMask = 2147483647;
			files = (
				55FDD03118152A1900F7A41D /* project_versionTests.m in Sources */,
			);
			runOnlyForDeploymentPostprocessing = 0;
		};
/* End PBXSourcesBuildPhase section */

/* Begin PBXTargetDependency section */
		55FDD02818152A1900F7A41D /* PBXTargetDependency */ = {
			isa = PBXTargetDependency;
			target = 55FDCFF218152A1800F7A41D /* project_version */;
			targetProxy = 55FDD02718152A1900F7A41D /* PBXContainerItemProxy */;
		};
/* End PBXTargetDependency section */

/* Begin PBXVariantGroup section */
		55FDD00418152A1900F7A41D /* InfoPlist.strings */ = {
			isa = PBXVariantGroup;
			children = (
				55FDD00518152A1900F7A41D /* en */,
			);
			name = InfoPlist.strings;
			sourceTree = "<group>";
		};
		55FDD01318152A1900F7A41D /* MainStoryboard.storyboard */ = {
			isa = PBXVariantGroup;
			children = (
				55FDD01418152A1900F7A41D /* en */,
			);
			name = MainStoryboard.storyboard;
			sourceTree = "<group>";
		};
		55FDD02C18152A1900F7A41D /* InfoPlist.strings */ = {
			isa = PBXVariantGroup;
			children = (
				55FDD02D18152A1900F7A41D /* en */,
			);
			name = InfoPlist.strings;
			sourceTree = "<group>";
		};
/* End PBXVariantGroup section */

/* Begin XCBuildConfiguration section */
		55FDD03218152A1900F7A41D /* Debug */ = {
			isa = XCBuildConfiguration;
			buildSettings = {
				ALWAYS_SEARCH_USER_PATHS = NO;
				CLANG_CXX_LANGUAGE_STANDARD = "gnu++0x";
				CLANG_CXX_LIBRARY = "libc++";
				CLANG_ENABLE_OBJC_ARC = YES;
				CLANG_WARN_EMPTY_BODY = YES;
				CLANG_WARN__DUPLICATE_METHOD_MATCH = YES;
				"CODE_SIGN_IDENTITY[sdk=iphoneos*]" = "iPhone Developer";
				COPY_PHASE_STRIP = NO;
				GCC_C_LANGUAGE_STANDARD = gnu99;
				GCC_DYNAMIC_NO_PIC = NO;
				GCC_OPTIMIZATION_LEVEL = 0;
				GCC_PREPROCESSOR_DEFINITIONS = (
					"DEBUG=1",
					"$(inherited)",
				);
				GCC_SYMBOLS_PRIVATE_EXTERN = NO;
				GCC_WARN_ABOUT_RETURN_TYPE = YES;
				GCC_WARN_UNINITIALIZED_AUTOS = YES;
				GCC_WARN_UNUSED_VARIABLE = YES;
				IPHONEOS_DEPLOYMENT_TARGET = 6.0;
				ONLY_ACTIVE_ARCH = YES;
				SDKROOT = iphoneos;
				TARGETED_DEVICE_FAMILY = 2;
			};
			name = Debug;
		};
		55FDD03318152A1900F7A41D /* Release */ = {
			isa = XCBuildConfiguration;
			buildSettings = {
				ALWAYS_SEARCH_USER_PATHS = NO;
				CLANG_CXX_LANGUAGE_STANDARD = "gnu++0x";
				CLANG_CXX_LIBRARY = "libc++";
				CLANG_ENABLE_OBJC_ARC = YES;
				CLANG_WARN_EMPTY_BODY = YES;
				CLANG_WARN__DUPLICATE_METHOD_MATCH = YES;
				"CODE_SIGN_IDENTITY[sdk=iphoneos*]" = "iPhone Developer";
				COPY_PHASE_STRIP = YES;
				GCC_C_LANGUAGE_STANDARD = gnu99;
				GCC_WARN_ABOUT_RETURN_TYPE = YES;
				GCC_WARN_UNINITIALIZED_AUTOS = YES;
				GCC_WARN_UNUSED_VARIABLE = YES;
				IPHONEOS_DEPLOYMENT_TARGET = 6.0;
				OTHER_CFLAGS = "-DNS_BLOCK_ASSERTIONS=1";
				SDKROOT = iphoneos;
				TARGETED_DEVICE_FAMILY = 2;
				VALIDATE_PRODUCT = YES;
			};
			name = Release;
		};
		55FDD03518152A1900F7A41D /* Debug */ = {
			isa = XCBuildConfiguration;
			buildSettings = {
				GCC_PRECOMPILE_PREFIX_HEADER = YES;
				GCC_PREFIX_HEADER = "project_version/project_version-Prefix.pch";
				INFOPLIST_FILE = "project_version/project_version-Info.plist";
				PRODUCT_NAME = "$(TARGET_NAME)";
				WRAPPER_EXTENSION = app;
			};
			name = Debug;
		};
		55FDD03618152A1900F7A41D /* Release */ = {
			isa = XCBuildConfiguration;
			buildSettings = {
				GCC_PRECOMPILE_PREFIX_HEADER = YES;
				GCC_PREFIX_HEADER = "project_version/project_version-Prefix.pch";
				INFOPLIST_FILE = "project_version/project_version-Info.plist";
				PRODUCT_NAME = "$(TARGET_NAME)";
				WRAPPER_EXTENSION = app;
			};
			name = Release;
		};
		55FDD03818152A1900F7A41D /* Debug */ = {
			isa = XCBuildConfiguration;
			buildSettings = {
				BUNDLE_LOADER = "$(BUILT_PRODUCTS_DIR)/project_version.app/project_version";
				FRAMEWORK_SEARCH_PATHS = (
					"\"$(SDKROOT)/Developer/Library/Frameworks\"",
					"\"$(DEVELOPER_LIBRARY_DIR)/Frameworks\"",
				);
				GCC_PRECOMPILE_PREFIX_HEADER = YES;
				GCC_PREFIX_HEADER = "project_version/project_version-Prefix.pch";
				INFOPLIST_FILE = "project_versionTests/project_versionTests-Info.plist";
				PRODUCT_NAME = "$(TARGET_NAME)";
				TEST_HOST = "$(BUNDLE_LOADER)";
				WRAPPER_EXTENSION = octest;
			};
			name = Debug;
		};
		55FDD03918152A1900F7A41D /* Release */ = {
			isa = XCBuildConfiguration;
			buildSettings = {
				BUNDLE_LOADER = "$(BUILT_PRODUCTS_DIR)/project_version.app/project_version";
				FRAMEWORK_SEARCH_PATHS = (
					"\"$(SDKROOT)/Developer/Library/Frameworks\"",
					"\"$(DEVELOPER_LIBRARY_DIR)/Frameworks\"",
				);
				GCC_PRECOMPILE_PREFIX_HEADER = YES;
				GCC_PREFIX_HEADER = "project_version/project_version-Prefix.pch";
				INFOPLIST_FILE = "project_versionTests/project_versionTests-Info.plist";
				PRODUCT_NAME = "$(TARGET_NAME)";
				TEST_HOST = "$(BUNDLE_LOADER)";
				WRAPPER_EXTENSION = octest;
			};
			name = Release;
		};
/* End XCBuildConfiguration section */

/* Begin XCConfigurationList section */
		55FDCFED18152A1800F7A41D /* Build configuration list for PBXProject "project_version" */ = {
			isa = XCConfigurationList;
			buildConfigurations = (
				55FDD03218152A1900F7A41D /* Debug */,
				55FDD03318152A1900F7A41D /* Release */,
			);
			defaultConfigurationIsVisible = 0;
			defaultConfigurationName = Release;
		};
		55FDD03418152A1900F7A41D /* Build configuration list for PBXNativeTarget "project_version" */ = {
			isa = XCConfigurationList;
			buildConfigurations = (
				55FDD03518152A1900F7A41D /* Debug */,
				55FDD03618152A1900F7A41D /* Release */,
			);
			defaultConfigurationIsVisible = 0;
		};
		55FDD03718152A1900F7A41D /* Build configuration list for PBXNativeTarget "project_versionTests" */ = {
			isa = XCConfigurationList;
			buildConfigurations = (
				55FDD03818152A1900F7A41D /* Debug */,
				55FDD03918152A1900F7A41D /* Release */,
			);
			defaultConfigurationIsVisible = 0;
		};
/* End XCConfigurationList section */
	};
	rootObject = 55FDCFEA18152A1800F7A41D /* Project object */;
}
